
Microsoft Visual Studio Solution File, Format Version 12.00
# Visual Studio 15
VisualStudioVersion = 15.0.28307.572
MinimumVisualStudioVersion = 10.0.40219.1
Project("{FAE04EC0-301F-11D3-BF4B-00C04F79EFBC}") = "Quicksort8", "Quicksort8\Quicksort8.csproj", "{E4B8637A-1DF2-4F83-A032-D93D4B4EBE26}"
EndProject
Global
	GlobalSection(SolutionConfigurationPlatforms) = preSolution
		Debug|Any CPU = Debug|Any CPU
		Release|Any CPU = Release|Any CPU
	EndGlobalSection
	GlobalSection(ProjectConfigurationPlatforms) = postSolution
		{E4B8637A-1DF2-4F83-A032-D93D4B4EBE26}.Debug|Any CPU.ActiveCfg = Debug|Any CPU
		{E4B8637A-1DF2-4F83-A032-D93D4B4EBE26}.Debug|Any CPU.Build.0 = Debug|Any CPU
		{E4B8637A-1DF2-4F83-A032-D93D4B4EBE26}.Release|Any CPU.ActiveCfg = Release|Any CPU
		{E4B8637A-1DF2-4F83-A032-D93D4B4EBE26}.Release|Any CPU.Build.0 = Release|Any CPU
	EndGlobalSection
	GlobalSection(SolutionProperties) = preSolution
		HideSolutionNode = FALSE
	EndGlobalSection
	GlobalSection(ExtensibilityGlobals) = postSolution
		SolutionGuid = {053BAE4A-88E1-4ED3-BD19-E3DB2A53218E}
	EndGlobalSection
EndGlobal
