
Microsoft Visual Studio Solution File, Format Version 12.00
# Visual Studio 15
VisualStudioVersion = 15.0.28307.572
MinimumVisualStudioVersion = 10.0.40219.1
Project("{FAE04EC0-301F-11D3-BF4B-00C04F79EFBC}") = "Quicksort2", "Quicksort2\Quicksort2.csproj", "{0BA6EF83-CF21-4802-ACCB-FEA56E725E7C}"
EndProject
Global
	GlobalSection(SolutionConfigurationPlatforms) = preSolution
		Debug|Any CPU = Debug|Any CPU
		Release|Any CPU = Release|Any CPU
	EndGlobalSection
	GlobalSection(ProjectConfigurationPlatforms) = postSolution
		{0BA6EF83-CF21-4802-ACCB-FEA56E725E7C}.Debug|Any CPU.ActiveCfg = Debug|Any CPU
		{0BA6EF83-CF21-4802-ACCB-FEA56E725E7C}.Debug|Any CPU.Build.0 = Debug|Any CPU
		{0BA6EF83-CF21-4802-ACCB-FEA56E725E7C}.Release|Any CPU.ActiveCfg = Release|Any CPU
		{0BA6EF83-CF21-4802-ACCB-FEA56E725E7C}.Release|Any CPU.Build.0 = Release|Any CPU
	EndGlobalSection
	GlobalSection(SolutionProperties) = preSolution
		HideSolutionNode = FALSE
	EndGlobalSection
	GlobalSection(ExtensibilityGlobals) = postSolution
		SolutionGuid = {87637C18-EAA6-4AD6-BA92-B450DBB5407C}
	EndGlobalSection
EndGlobal
