
Microsoft Visual Studio Solution File, Format Version 12.00
# Visual Studio 15
VisualStudioVersion = 15.0.28307.902
MinimumVisualStudioVersion = 10.0.40219.1
Project("{FAE04EC0-301F-11D3-BF4B-00C04F79EFBC}") = "Quicksort16", "Quicksort16\Quicksort16.csproj", "{F4D2F225-8E61-47E3-9199-8D0EC2C024E7}"
EndProject
Global
	GlobalSection(SolutionConfigurationPlatforms) = preSolution
		Debug|Any CPU = Debug|Any CPU
		Release|Any CPU = Release|Any CPU
	EndGlobalSection
	GlobalSection(ProjectConfigurationPlatforms) = postSolution
		{F4D2F225-8E61-47E3-9199-8D0EC2C024E7}.Debug|Any CPU.ActiveCfg = Debug|Any CPU
		{F4D2F225-8E61-47E3-9199-8D0EC2C024E7}.Debug|Any CPU.Build.0 = Debug|Any CPU
		{F4D2F225-8E61-47E3-9199-8D0EC2C024E7}.Release|Any CPU.ActiveCfg = Release|Any CPU
		{F4D2F225-8E61-47E3-9199-8D0EC2C024E7}.Release|Any CPU.Build.0 = Release|Any CPU
	EndGlobalSection
	GlobalSection(SolutionProperties) = preSolution
		HideSolutionNode = FALSE
	EndGlobalSection
	GlobalSection(ExtensibilityGlobals) = postSolution
		SolutionGuid = {41AE7406-792B-46B5-9AB6-3BF91D6F7FB8}
	EndGlobalSection
EndGlobal
